// !$*UTF8*$!
{
	archiveVersion = 1;
	classes = {
	};
	objectVersion = 46;
	objects = {

/* Begin PBXBuildFile section */
		9B093C541B44401A001DB31F /* AppDelegate.swift in Sources */ = {isa = PBXBuildFile; fileRef = 9B093C531B44401A001DB31F /* AppDelegate.swift */; };
		9B093C561B44401A001DB31F /* ViewController.swift in Sources */ = {isa = PBXBuildFile; fileRef = 9B093C551B44401A001DB31F /* ViewController.swift */; };
		9B093C591B44401A001DB31F /* Main.storyboard in Resources */ = {isa = PBXBuildFile; fileRef = 9B093C571B44401A001DB31F /* Main.storyboard */; };
		9B093C5B1B44401A001DB31F /* Images.xcassets in Resources */ = {isa = PBXBuildFile; fileRef = 9B093C5A1B44401A001DB31F /* Images.xcassets */; };
		9B093C5E1B44401A001DB31F /* LaunchScreen.xib in Resources */ = {isa = PBXBuildFile; fileRef = 9B093C5C1B44401A001DB31F /* LaunchScreen.xib */; };
		9B093C6A1B44401A001DB31F /* BearsApp3Tests.swift in Sources */ = {isa = PBXBuildFile; fileRef = 9B093C691B44401A001DB31F /* BearsApp3Tests.swift */; };
		9B093C7A1B4440F0001DB31F /* Bolts.framework in Frameworks */ = {isa = PBXBuildFile; fileRef = 9B093C741B4440F0001DB31F /* Bolts.framework */; };
		9B093C7B1B4440F0001DB31F /* Parse.framework in Frameworks */ = {isa = PBXBuildFile; fileRef = 9B093C751B4440F0001DB31F /* Parse.framework */; };
		9B093C7C1B4440F0001DB31F /* ParseCrashReporting.framework in Frameworks */ = {isa = PBXBuildFile; fileRef = 9B093C761B4440F0001DB31F /* ParseCrashReporting.framework */; };
		9B093C7D1B4440F0001DB31F /* ParseFacebookUtils.framework in Frameworks */ = {isa = PBXBuildFile; fileRef = 9B093C771B4440F0001DB31F /* ParseFacebookUtils.framework */; };
		9B093C7E1B4440F0001DB31F /* ParseFacebookUtilsV4.framework in Frameworks */ = {isa = PBXBuildFile; fileRef = 9B093C781B4440F0001DB31F /* ParseFacebookUtilsV4.framework */; };
		9B093C7F1B4440F0001DB31F /* ParseUI.framework in Frameworks */ = {isa = PBXBuildFile; fileRef = 9B093C791B4440F0001DB31F /* ParseUI.framework */; };
		9B093C811B444101001DB31F /* AudioToolbox.framework in Frameworks */ = {isa = PBXBuildFile; fileRef = 9B093C801B444101001DB31F /* AudioToolbox.framework */; };
		9B093C831B444106001DB31F /* CFNetwork.framework in Frameworks */ = {isa = PBXBuildFile; fileRef = 9B093C821B444106001DB31F /* CFNetwork.framework */; };
		9B093C851B44410C001DB31F /* CoreGraphics.framework in Frameworks */ = {isa = PBXBuildFile; fileRef = 9B093C841B44410C001DB31F /* CoreGraphics.framework */; };
		9B093C871B444111001DB31F /* libz.dylib in Frameworks */ = {isa = PBXBuildFile; fileRef = 9B093C861B444111001DB31F /* libz.dylib */; };
		9B093C891B444118001DB31F /* MobileCoreServices.framework in Frameworks */ = {isa = PBXBuildFile; fileRef = 9B093C881B444118001DB31F /* MobileCoreServices.framework */; };
		9B093C8B1B444121001DB31F /* QuartzCore.framework in Frameworks */ = {isa = PBXBuildFile; fileRef = 9B093C8A1B444121001DB31F /* QuartzCore.framework */; };
		9B093C8D1B444126001DB31F /* Security.framework in Frameworks */ = {isa = PBXBuildFile; fileRef = 9B093C8C1B444126001DB31F /* Security.framework */; };
		9B093C8F1B44412B001DB31F /* StoreKit.framework in Frameworks */ = {isa = PBXBuildFile; fileRef = 9B093C8E1B44412B001DB31F /* StoreKit.framework */; };
		9B093C911B444132001DB31F /* SystemConfiguration.framework in Frameworks */ = {isa = PBXBuildFile; fileRef = 9B093C901B444132001DB31F /* SystemConfiguration.framework */; };
		9B093C941B444174001DB31F /* BearsApp3Header.m in Sources */ = {isa = PBXBuildFile; fileRef = 9B093C931B444174001DB31F /* BearsApp3Header.m */; };
		9B093C961B4441B5001DB31F /* libsqlite3.dylib in Frameworks */ = {isa = PBXBuildFile; fileRef = 9B093C951B4441B5001DB31F /* libsqlite3.dylib */; };
		9B093C9C1B4445A8001DB31F /* LoginViewController.swift in Sources */ = {isa = PBXBuildFile; fileRef = 9B093C9B1B4445A8001DB31F /* LoginViewController.swift */; };
		9B093C9E1B4446B1001DB31F /* UsersViewController.swift in Sources */ = {isa = PBXBuildFile; fileRef = 9B093C9D1B4446B1001DB31F /* UsersViewController.swift */; };
		9B093CA11B444B5D001DB31F /* FindViewController.m in Sources */ = {isa = PBXBuildFile; fileRef = 9B093CA01B444B5D001DB31F /* FindViewController.m */; };
		9B093CA31B444BED001DB31F /* happybear.jpg in Resources */ = {isa = PBXBuildFile; fileRef = 9B093CA21B444BED001DB31F /* happybear.jpg */; };
		9B093CB31B4454A4001DB31F /* RFduino.m in Sources */ = {isa = PBXBuildFile; fileRef = 9B093CAA1B4454A4001DB31F /* RFduino.m */; };
		9B093CB41B4454A4001DB31F /* RfduinoManager.m in Sources */ = {isa = PBXBuildFile; fileRef = 9B093CAD1B4454A4001DB31F /* RfduinoManager.m */; };
		9B093CB81B4458F8001DB31F /* SyncViewController.m in Sources */ = {isa = PBXBuildFile; fileRef = 9B093CB71B4458F8001DB31F /* SyncViewController.m */; };
		9B093CBC1B446881001DB31F /* SmartBear.m in Sources */ = {isa = PBXBuildFile; fileRef = 9B093CBB1B446881001DB31F /* SmartBear.m */; };
		9B093CBE1B447D2F001DB31F /* main.m in Sources */ = {isa = PBXBuildFile; fileRef = 9B093CBD1B447D2F001DB31F /* main.m */; };
		9B093CC11B44878F001DB31F /* AppViewController.m in Sources */ = {isa = PBXBuildFile; fileRef = 9B093CC01B44878F001DB31F /* AppViewController.m */; };
		9B093CC41B448DF9001DB31F /* BearViewController.m in Sources */ = {isa = PBXBuildFile; fileRef = 9B093CC31B448DF9001DB31F /* BearViewController.m */; };
/* End PBXBuildFile section */

/* Begin PBXContainerItemProxy section */
		9B093C641B44401A001DB31F /* PBXContainerItemProxy */ = {
			isa = PBXContainerItemProxy;
			containerPortal = 9B093C461B44401A001DB31F /* Project object */;
			proxyType = 1;
			remoteGlobalIDString = 9B093C4D1B44401A001DB31F;
			remoteInfo = BearsApp3;
		};
/* End PBXContainerItemProxy section */

/* Begin PBXFileReference section */
		9B093C4E1B44401A001DB31F /* BearsApp3.app */ = {isa = PBXFileReference; explicitFileType = wrapper.application; includeInIndex = 0; path = BearsApp3.app; sourceTree = BUILT_PRODUCTS_DIR; };
		9B093C521B44401A001DB31F /* Info.plist */ = {isa = PBXFileReference; lastKnownFileType = text.plist.xml; path = Info.plist; sourceTree = "<group>"; };
		9B093C531B44401A001DB31F /* AppDelegate.swift */ = {isa = PBXFileReference; lastKnownFileType = sourcecode.swift; path = AppDelegate.swift; sourceTree = "<group>"; };
		9B093C551B44401A001DB31F /* ViewController.swift */ = {isa = PBXFileReference; lastKnownFileType = sourcecode.swift; path = ViewController.swift; sourceTree = "<group>"; };
		9B093C581B44401A001DB31F /* Base */ = {isa = PBXFileReference; lastKnownFileType = file.storyboard; name = Base; path = Base.lproj/Main.storyboard; sourceTree = "<group>"; };
		9B093C5A1B44401A001DB31F /* Images.xcassets */ = {isa = PBXFileReference; lastKnownFileType = folder.assetcatalog; path = Images.xcassets; sourceTree = "<group>"; };
		9B093C5D1B44401A001DB31F /* Base */ = {isa = PBXFileReference; lastKnownFileType = file.xib; name = Base; path = Base.lproj/LaunchScreen.xib; sourceTree = "<group>"; };
		9B093C631B44401A001DB31F /* BearsApp3Tests.xctest */ = {isa = PBXFileReference; explicitFileType = wrapper.cfbundle; includeInIndex = 0; path = BearsApp3Tests.xctest; sourceTree = BUILT_PRODUCTS_DIR; };
		9B093C681B44401A001DB31F /* Info.plist */ = {isa = PBXFileReference; lastKnownFileType = text.plist.xml; path = Info.plist; sourceTree = "<group>"; };
		9B093C691B44401A001DB31F /* BearsApp3Tests.swift */ = {isa = PBXFileReference; lastKnownFileType = sourcecode.swift; path = BearsApp3Tests.swift; sourceTree = "<group>"; };
		9B093C741B4440F0001DB31F /* Bolts.framework */ = {isa = PBXFileReference; lastKnownFileType = wrapper.framework; path = Bolts.framework; sourceTree = "<group>"; };
		9B093C751B4440F0001DB31F /* Parse.framework */ = {isa = PBXFileReference; lastKnownFileType = wrapper.framework; path = Parse.framework; sourceTree = "<group>"; };
		9B093C761B4440F0001DB31F /* ParseCrashReporting.framework */ = {isa = PBXFileReference; lastKnownFileType = wrapper.framework; path = ParseCrashReporting.framework; sourceTree = "<group>"; };
		9B093C771B4440F0001DB31F /* ParseFacebookUtils.framework */ = {isa = PBXFileReference; lastKnownFileType = wrapper.framework; path = ParseFacebookUtils.framework; sourceTree = "<group>"; };
		9B093C781B4440F0001DB31F /* ParseFacebookUtilsV4.framework */ = {isa = PBXFileReference; lastKnownFileType = wrapper.framework; path = ParseFacebookUtilsV4.framework; sourceTree = "<group>"; };
		9B093C791B4440F0001DB31F /* ParseUI.framework */ = {isa = PBXFileReference; lastKnownFileType = wrapper.framework; path = ParseUI.framework; sourceTree = "<group>"; };
		9B093C801B444101001DB31F /* AudioToolbox.framework */ = {isa = PBXFileReference; lastKnownFileType = wrapper.framework; name = AudioToolbox.framework; path = System/Library/Frameworks/AudioToolbox.framework; sourceTree = SDKROOT; };
		9B093C821B444106001DB31F /* CFNetwork.framework */ = {isa = PBXFileReference; lastKnownFileType = wrapper.framework; name = CFNetwork.framework; path = System/Library/Frameworks/CFNetwork.framework; sourceTree = SDKROOT; };
		9B093C841B44410C001DB31F /* CoreGraphics.framework */ = {isa = PBXFileReference; lastKnownFileType = wrapper.framework; name = CoreGraphics.framework; path = System/Library/Frameworks/CoreGraphics.framework; sourceTree = SDKROOT; };
		9B093C861B444111001DB31F /* libz.dylib */ = {isa = PBXFileReference; lastKnownFileType = "compiled.mach-o.dylib"; name = libz.dylib; path = usr/lib/libz.dylib; sourceTree = SDKROOT; };
		9B093C881B444118001DB31F /* MobileCoreServices.framework */ = {isa = PBXFileReference; lastKnownFileType = wrapper.framework; name = MobileCoreServices.framework; path = System/Library/Frameworks/MobileCoreServices.framework; sourceTree = SDKROOT; };
		9B093C8A1B444121001DB31F /* QuartzCore.framework */ = {isa = PBXFileReference; lastKnownFileType = wrapper.framework; name = QuartzCore.framework; path = System/Library/Frameworks/QuartzCore.framework; sourceTree = SDKROOT; };
		9B093C8C1B444126001DB31F /* Security.framework */ = {isa = PBXFileReference; lastKnownFileType = wrapper.framework; name = Security.framework; path = System/Library/Frameworks/Security.framework; sourceTree = SDKROOT; };
		9B093C8E1B44412B001DB31F /* StoreKit.framework */ = {isa = PBXFileReference; lastKnownFileType = wrapper.framework; name = StoreKit.framework; path = System/Library/Frameworks/StoreKit.framework; sourceTree = SDKROOT; };
		9B093C901B444132001DB31F /* SystemConfiguration.framework */ = {isa = PBXFileReference; lastKnownFileType = wrapper.framework; name = SystemConfiguration.framework; path = System/Library/Frameworks/SystemConfiguration.framework; sourceTree = SDKROOT; };
		9B093C921B444173001DB31F /* BearsApp3-Bridging-Header.h */ = {isa = PBXFileReference; lastKnownFileType = sourcecode.c.h; path = "BearsApp3-Bridging-Header.h"; sourceTree = "<group>"; };
		9B093C931B444174001DB31F /* BearsApp3Header.m */ = {isa = PBXFileReference; fileEncoding = 4; lastKnownFileType = sourcecode.c.objc; path = BearsApp3Header.m; sourceTree = SOURCE_ROOT; };
		9B093C951B4441B5001DB31F /* libsqlite3.dylib */ = {isa = PBXFileReference; lastKnownFileType = "compiled.mach-o.dylib"; name = libsqlite3.dylib; path = usr/lib/libsqlite3.dylib; sourceTree = SDKROOT; };
		9B093C9B1B4445A8001DB31F /* LoginViewController.swift */ = {isa = PBXFileReference; fileEncoding = 4; lastKnownFileType = sourcecode.swift; path = LoginViewController.swift; sourceTree = "<group>"; };
		9B093C9D1B4446B1001DB31F /* UsersViewController.swift */ = {isa = PBXFileReference; fileEncoding = 4; lastKnownFileType = sourcecode.swift; path = UsersViewController.swift; sourceTree = "<group>"; };
		9B093C9F1B444B5D001DB31F /* FindViewController.h */ = {isa = PBXFileReference; fileEncoding = 4; lastKnownFileType = sourcecode.c.h; path = FindViewController.h; sourceTree = "<group>"; };
		9B093CA01B444B5D001DB31F /* FindViewController.m */ = {isa = PBXFileReference; fileEncoding = 4; lastKnownFileType = sourcecode.c.objc; path = FindViewController.m; sourceTree = "<group>"; };
		9B093CA21B444BED001DB31F /* happybear.jpg */ = {isa = PBXFileReference; lastKnownFileType = image.jpeg; path = happybear.jpg; sourceTree = "<group>"; };
		9B093CA91B4454A4001DB31F /* RFduino.h */ = {isa = PBXFileReference; fileEncoding = 4; lastKnownFileType = sourcecode.c.h; path = RFduino.h; sourceTree = "<group>"; };
		9B093CAA1B4454A4001DB31F /* RFduino.m */ = {isa = PBXFileReference; fileEncoding = 4; lastKnownFileType = sourcecode.c.objc; path = RFduino.m; sourceTree = "<group>"; };
		9B093CAB1B4454A4001DB31F /* RFduinoDelegate.h */ = {isa = PBXFileReference; fileEncoding = 4; lastKnownFileType = sourcecode.c.h; path = RFduinoDelegate.h; sourceTree = "<group>"; };
		9B093CAC1B4454A4001DB31F /* RfduinoManager.h */ = {isa = PBXFileReference; fileEncoding = 4; lastKnownFileType = sourcecode.c.h; path = RfduinoManager.h; sourceTree = "<group>"; };
		9B093CAD1B4454A4001DB31F /* RfduinoManager.m */ = {isa = PBXFileReference; fileEncoding = 4; lastKnownFileType = sourcecode.c.objc; path = RfduinoManager.m; sourceTree = "<group>"; };
		9B093CAE1B4454A4001DB31F /* RFduinoManagerDelegate.h */ = {isa = PBXFileReference; fileEncoding = 4; lastKnownFileType = sourcecode.c.h; path = RFduinoManagerDelegate.h; sourceTree = "<group>"; };
		9B093CB61B4458F8001DB31F /* SyncViewController.h */ = {isa = PBXFileReference; fileEncoding = 4; lastKnownFileType = sourcecode.c.h; path = SyncViewController.h; sourceTree = "<group>"; };
		9B093CB71B4458F8001DB31F /* SyncViewController.m */ = {isa = PBXFileReference; fileEncoding = 4; lastKnownFileType = sourcecode.c.objc; path = SyncViewController.m; sourceTree = "<group>"; };
		9B093CBA1B446881001DB31F /* SmartBear.h */ = {isa = PBXFileReference; fileEncoding = 4; lastKnownFileType = sourcecode.c.h; path = SmartBear.h; sourceTree = "<group>"; };
		9B093CBB1B446881001DB31F /* SmartBear.m */ = {isa = PBXFileReference; fileEncoding = 4; lastKnownFileType = sourcecode.c.objc; path = SmartBear.m; sourceTree = "<group>"; };
		9B093CBD1B447D2F001DB31F /* main.m */ = {isa = PBXFileReference; fileEncoding = 4; lastKnownFileType = sourcecode.c.objc; path = main.m; sourceTree = "<group>"; };
		9B093CBF1B44878F001DB31F /* AppViewController.h */ = {isa = PBXFileReference; fileEncoding = 4; lastKnownFileType = sourcecode.c.h; path = AppViewController.h; sourceTree = "<group>"; };
		9B093CC01B44878F001DB31F /* AppViewController.m */ = {isa = PBXFileReference; fileEncoding = 4; lastKnownFileType = sourcecode.c.objc; path = AppViewController.m; sourceTree = "<group>"; };
		9B093CC21B448DF9001DB31F /* BearViewController.h */ = {isa = PBXFileReference; fileEncoding = 4; lastKnownFileType = sourcecode.c.h; path = BearViewController.h; sourceTree = "<group>"; };
		9B093CC31B448DF9001DB31F /* BearViewController.m */ = {isa = PBXFileReference; fileEncoding = 4; lastKnownFileType = sourcecode.c.objc; path = BearViewController.m; sourceTree = "<group>"; };
/* End PBXFileReference section */

/* Begin PBXFrameworksBuildPhase section */
		9B093C4B1B44401A001DB31F /* Frameworks */ = {
			isa = PBXFrameworksBuildPhase;
			buildActionMask = 2147483647;
			files = (
				9B093C961B4441B5001DB31F /* libsqlite3.dylib in Frameworks */,
				9B093C911B444132001DB31F /* SystemConfiguration.framework in Frameworks */,
				9B093C8F1B44412B001DB31F /* StoreKit.framework in Frameworks */,
				9B093C8D1B444126001DB31F /* Security.framework in Frameworks */,
				9B093C8B1B444121001DB31F /* QuartzCore.framework in Frameworks */,
				9B093C891B444118001DB31F /* MobileCoreServices.framework in Frameworks */,
				9B093C871B444111001DB31F /* libz.dylib in Frameworks */,
				9B093C851B44410C001DB31F /* CoreGraphics.framework in Frameworks */,
				9B093C831B444106001DB31F /* CFNetwork.framework in Frameworks */,
				9B093C811B444101001DB31F /* AudioToolbox.framework in Frameworks */,
				9B093C7F1B4440F0001DB31F /* ParseUI.framework in Frameworks */,
				9B093C7B1B4440F0001DB31F /* Parse.framework in Frameworks */,
				9B093C7C1B4440F0001DB31F /* ParseCrashReporting.framework in Frameworks */,
				9B093C7D1B4440F0001DB31F /* ParseFacebookUtils.framework in Frameworks */,
				9B093C7A1B4440F0001DB31F /* Bolts.framework in Frameworks */,
				9B093C7E1B4440F0001DB31F /* ParseFacebookUtilsV4.framework in Frameworks */,
			);
			runOnlyForDeploymentPostprocessing = 0;
		};
		9B093C601B44401A001DB31F /* Frameworks */ = {
			isa = PBXFrameworksBuildPhase;
			buildActionMask = 2147483647;
			files = (
			);
			runOnlyForDeploymentPostprocessing = 0;
		};
/* End PBXFrameworksBuildPhase section */

/* Begin PBXGroup section */
		9B093C451B44401A001DB31F = {
			isa = PBXGroup;
			children = (
				9B093C951B4441B5001DB31F /* libsqlite3.dylib */,
				9B093C901B444132001DB31F /* SystemConfiguration.framework */,
				9B093C8E1B44412B001DB31F /* StoreKit.framework */,
				9B093C8C1B444126001DB31F /* Security.framework */,
				9B093C8A1B444121001DB31F /* QuartzCore.framework */,
				9B093C881B444118001DB31F /* MobileCoreServices.framework */,
				9B093C861B444111001DB31F /* libz.dylib */,
				9B093C841B44410C001DB31F /* CoreGraphics.framework */,
				9B093C821B444106001DB31F /* CFNetwork.framework */,
				9B093C801B444101001DB31F /* AudioToolbox.framework */,
				9B093C501B44401A001DB31F /* BearsApp3 */,
				9B093C661B44401A001DB31F /* BearsApp3Tests */,
				9B093C4F1B44401A001DB31F /* Products */,
				9B093C921B444173001DB31F /* BearsApp3-Bridging-Header.h */,
			);
			sourceTree = "<group>";
		};
		9B093C4F1B44401A001DB31F /* Products */ = {
			isa = PBXGroup;
			children = (
				9B093C4E1B44401A001DB31F /* BearsApp3.app */,
				9B093C631B44401A001DB31F /* BearsApp3Tests.xctest */,
			);
			name = Products;
			sourceTree = "<group>";
		};
		9B093C501B44401A001DB31F /* BearsApp3 */ = {
			isa = PBXGroup;
			children = (
				9B093CBD1B447D2F001DB31F /* main.m */,
				9B093C931B444174001DB31F /* BearsApp3Header.m */,
				9B093CB91B446847001DB31F /* SmartBear */,
				9B093CA41B4454A4001DB31F /* rfduino */,
				9B093C731B4440F0001DB31F /* parse-library-1.7.4 */,
				9B093C9B1B4445A8001DB31F /* LoginViewController.swift */,
				9B093C9D1B4446B1001DB31F /* UsersViewController.swift */,
				9B093CBF1B44878F001DB31F /* AppViewController.h */,
				9B093CC01B44878F001DB31F /* AppViewController.m */,
				9B093C531B44401A001DB31F /* AppDelegate.swift */,
				9B093C551B44401A001DB31F /* ViewController.swift */,
				9B093C571B44401A001DB31F /* Main.storyboard */,
				9B093CC21B448DF9001DB31F /* BearViewController.h */,
				9B093CC31B448DF9001DB31F /* BearViewController.m */,
				9B093CB61B4458F8001DB31F /* SyncViewController.h */,
				9B093CB71B4458F8001DB31F /* SyncViewController.m */,
				9B093C9F1B444B5D001DB31F /* FindViewController.h */,
				9B093CA01B444B5D001DB31F /* FindViewController.m */,
				9B093C5A1B44401A001DB31F /* Images.xcassets */,
				9B093CA21B444BED001DB31F /* happybear.jpg */,
				9B093C5C1B44401A001DB31F /* LaunchScreen.xib */,
				9B093C511B44401A001DB31F /* Supporting Files */,
			);
			path = BearsApp3;
			sourceTree = "<group>";
		};
		9B093C511B44401A001DB31F /* Supporting Files */ = {
			isa = PBXGroup;
			children = (
				9B093C521B44401A001DB31F /* Info.plist */,
			);
			name = "Supporting Files";
			sourceTree = "<group>";
		};
		9B093C661B44401A001DB31F /* BearsApp3Tests */ = {
			isa = PBXGroup;
			children = (
				9B093C691B44401A001DB31F /* BearsApp3Tests.swift */,
				9B093C671B44401A001DB31F /* Supporting Files */,
			);
			path = BearsApp3Tests;
			sourceTree = "<group>";
		};
		9B093C671B44401A001DB31F /* Supporting Files */ = {
			isa = PBXGroup;
			children = (
				9B093C681B44401A001DB31F /* Info.plist */,
			);
			name = "Supporting Files";
			sourceTree = "<group>";
		};
		9B093C731B4440F0001DB31F /* parse-library-1.7.4 */ = {
			isa = PBXGroup;
			children = (
				9B093C741B4440F0001DB31F /* Bolts.framework */,
				9B093C751B4440F0001DB31F /* Parse.framework */,
				9B093C761B4440F0001DB31F /* ParseCrashReporting.framework */,
				9B093C771B4440F0001DB31F /* ParseFacebookUtils.framework */,
				9B093C781B4440F0001DB31F /* ParseFacebookUtilsV4.framework */,
				9B093C791B4440F0001DB31F /* ParseUI.framework */,
			);
			name = "parse-library-1.7.4";
			path = "../parse-library-1.7.4";
			sourceTree = "<group>";
		};
		9B093CA41B4454A4001DB31F /* rfduino */ = {
			isa = PBXGroup;
			children = (
				9B093CA91B4454A4001DB31F /* RFduino.h */,
				9B093CAA1B4454A4001DB31F /* RFduino.m */,
				9B093CAB1B4454A4001DB31F /* RFduinoDelegate.h */,
				9B093CAC1B4454A4001DB31F /* RfduinoManager.h */,
				9B093CAD1B4454A4001DB31F /* RfduinoManager.m */,
				9B093CAE1B4454A4001DB31F /* RFduinoManagerDelegate.h */,
			);
			name = rfduino;
			path = "../parse-library-1.7.4/rfduino";
			sourceTree = "<group>";
		};
		9B093CB91B446847001DB31F /* SmartBear */ = {
			isa = PBXGroup;
			children = (
				9B093CBA1B446881001DB31F /* SmartBear.h */,
				9B093CBB1B446881001DB31F /* SmartBear.m */,
			);
			name = SmartBear;
			sourceTree = "<group>";
		};
/* End PBXGroup section */

/* Begin PBXNativeTarget section */
		9B093C4D1B44401A001DB31F /* BearsApp3 */ = {
			isa = PBXNativeTarget;
			buildConfigurationList = 9B093C6D1B44401A001DB31F /* Build configuration list for PBXNativeTarget "BearsApp3" */;
			buildPhases = (
				9B093C4A1B44401A001DB31F /* Sources */,
				9B093C4B1B44401A001DB31F /* Frameworks */,
				9B093C4C1B44401A001DB31F /* Resources */,
			);
			buildRules = (
			);
			dependencies = (
			);
			name = BearsApp3;
			productName = BearsApp3;
			productReference = 9B093C4E1B44401A001DB31F /* BearsApp3.app */;
			productType = "com.apple.product-type.application";
		};
		9B093C621B44401A001DB31F /* BearsApp3Tests */ = {
			isa = PBXNativeTarget;
			buildConfigurationList = 9B093C701B44401A001DB31F /* Build configuration list for PBXNativeTarget "BearsApp3Tests" */;
			buildPhases = (
				9B093C5F1B44401A001DB31F /* Sources */,
				9B093C601B44401A001DB31F /* Frameworks */,
				9B093C611B44401A001DB31F /* Resources */,
			);
			buildRules = (
			);
			dependencies = (
				9B093C651B44401A001DB31F /* PBXTargetDependency */,
			);
			name = BearsApp3Tests;
			productName = BearsApp3Tests;
			productReference = 9B093C631B44401A001DB31F /* BearsApp3Tests.xctest */;
			productType = "com.apple.product-type.bundle.unit-test";
		};
/* End PBXNativeTarget section */

/* Begin PBXProject section */
		9B093C461B44401A001DB31F /* Project object */ = {
			isa = PBXProject;
			attributes = {
				LastUpgradeCheck = 0630;
				ORGANIZATIONNAME = "Imee Cuison";
				TargetAttributes = {
					9B093C4D1B44401A001DB31F = {
						CreatedOnToolsVersion = 6.3.2;
					};
					9B093C621B44401A001DB31F = {
						CreatedOnToolsVersion = 6.3.2;
						TestTargetID = 9B093C4D1B44401A001DB31F;
					};
				};
			};
			buildConfigurationList = 9B093C491B44401A001DB31F /* Build configuration list for PBXProject "BearsApp3" */;
			compatibilityVersion = "Xcode 3.2";
			developmentRegion = English;
			hasScannedForEncodings = 0;
			knownRegions = (
				en,
				Base,
			);
			mainGroup = 9B093C451B44401A001DB31F;
			productRefGroup = 9B093C4F1B44401A001DB31F /* Products */;
			projectDirPath = "";
			projectRoot = "";
			targets = (
				9B093C4D1B44401A001DB31F /* BearsApp3 */,
				9B093C621B44401A001DB31F /* BearsApp3Tests */,
			);
		};
/* End PBXProject section */

/* Begin PBXResourcesBuildPhase section */
		9B093C4C1B44401A001DB31F /* Resources */ = {
			isa = PBXResourcesBuildPhase;
			buildActionMask = 2147483647;
			files = (
				9B093CA31B444BED001DB31F /* happybear.jpg in Resources */,
				9B093C591B44401A001DB31F /* Main.storyboard in Resources */,
				9B093C5E1B44401A001DB31F /* LaunchScreen.xib in Resources */,
				9B093C5B1B44401A001DB31F /* Images.xcassets in Resources */,
			);
			runOnlyForDeploymentPostprocessing = 0;
		};
		9B093C611B44401A001DB31F /* Resources */ = {
			isa = PBXResourcesBuildPhase;
			buildActionMask = 2147483647;
			files = (
			);
			runOnlyForDeploymentPostprocessing = 0;
		};
/* End PBXResourcesBuildPhase section */

/* Begin PBXSourcesBuildPhase section */
		9B093C4A1B44401A001DB31F /* Sources */ = {
			isa = PBXSourcesBuildPhase;
			buildActionMask = 2147483647;
			files = (
				9B093C9C1B4445A8001DB31F /* LoginViewController.swift in Sources */,
				9B093C561B44401A001DB31F /* ViewController.swift in Sources */,
				9B093C9E1B4446B1001DB31F /* UsersViewController.swift in Sources */,
				9B093CB81B4458F8001DB31F /* SyncViewController.m in Sources */,
				9B093CA11B444B5D001DB31F /* FindViewController.m in Sources */,
				9B093CBC1B446881001DB31F /* SmartBear.m in Sources */,
				9B093CB41B4454A4001DB31F /* RfduinoManager.m in Sources */,
				9B093CC41B448DF9001DB31F /* BearViewController.m in Sources */,
				9B093C941B444174001DB31F /* BearsApp3Header.m in Sources */,
				9B093CB31B4454A4001DB31F /* RFduino.m in Sources */,
				9B093CBE1B447D2F001DB31F /* main.m in Sources */,
				9B093CC11B44878F001DB31F /* AppViewController.m in Sources */,
				9B093C541B44401A001DB31F /* AppDelegate.swift in Sources */,
			);
			runOnlyForDeploymentPostprocessing = 0;
		};
		9B093C5F1B44401A001DB31F /* Sources */ = {
			isa = PBXSourcesBuildPhase;
			buildActionMask = 2147483647;
			files = (
				9B093C6A1B44401A001DB31F /* BearsApp3Tests.swift in Sources */,
			);
			runOnlyForDeploymentPostprocessing = 0;
		};
/* End PBXSourcesBuildPhase section */

/* Begin PBXTargetDependency section */
		9B093C651B44401A001DB31F /* PBXTargetDependency */ = {
			isa = PBXTargetDependency;
			target = 9B093C4D1B44401A001DB31F /* BearsApp3 */;
			targetProxy = 9B093C641B44401A001DB31F /* PBXContainerItemProxy */;
		};
/* End PBXTargetDependency section */

/* Begin PBXVariantGroup section */
		9B093C571B44401A001DB31F /* Main.storyboard */ = {
			isa = PBXVariantGroup;
			children = (
				9B093C581B44401A001DB31F /* Base */,
			);
			name = Main.storyboard;
			sourceTree = "<group>";
		};
		9B093C5C1B44401A001DB31F /* LaunchScreen.xib */ = {
			isa = PBXVariantGroup;
			children = (
				9B093C5D1B44401A001DB31F /* Base */,
			);
			name = LaunchScreen.xib;
			sourceTree = "<group>";
		};
/* End PBXVariantGroup section */

/* Begin XCBuildConfiguration section */
		9B093C6B1B44401A001DB31F /* Debug */ = {
			isa = XCBuildConfiguration;
			buildSettings = {
				ALWAYS_SEARCH_USER_PATHS = NO;
				CLANG_CXX_LANGUAGE_STANDARD = "gnu++0x";
				CLANG_CXX_LIBRARY = "libc++";
				CLANG_ENABLE_MODULES = YES;
				CLANG_ENABLE_OBJC_ARC = YES;
				CLANG_WARN_BOOL_CONVERSION = YES;
				CLANG_WARN_CONSTANT_CONVERSION = YES;
				CLANG_WARN_DIRECT_OBJC_ISA_USAGE = YES_ERROR;
				CLANG_WARN_EMPTY_BODY = YES;
				CLANG_WARN_ENUM_CONVERSION = YES;
				CLANG_WARN_INT_CONVERSION = YES;
				CLANG_WARN_OBJC_ROOT_CLASS = YES_ERROR;
				CLANG_WARN_UNREACHABLE_CODE = YES;
				CLANG_WARN__DUPLICATE_METHOD_MATCH = YES;
				"CODE_SIGN_IDENTITY[sdk=iphoneos*]" = "iPhone Developer";
				COPY_PHASE_STRIP = NO;
				DEBUG_INFORMATION_FORMAT = "dwarf-with-dsym";
				ENABLE_STRICT_OBJC_MSGSEND = YES;
				GCC_C_LANGUAGE_STANDARD = gnu99;
				GCC_DYNAMIC_NO_PIC = NO;
				GCC_NO_COMMON_BLOCKS = YES;
				GCC_OPTIMIZATION_LEVEL = 0;
				GCC_PREPROCESSOR_DEFINITIONS = (
					"DEBUG=1",
					"$(inherited)",
				);
				GCC_SYMBOLS_PRIVATE_EXTERN = NO;
				GCC_WARN_64_TO_32_BIT_CONVERSION = YES;
				GCC_WARN_ABOUT_RETURN_TYPE = YES_ERROR;
				GCC_WARN_UNDECLARED_SELECTOR = YES;
				GCC_WARN_UNINITIALIZED_AUTOS = YES_AGGRESSIVE;
				GCC_WARN_UNUSED_FUNCTION = YES;
				GCC_WARN_UNUSED_VARIABLE = YES;
				IPHONEOS_DEPLOYMENT_TARGET = 8.3;
				MTL_ENABLE_DEBUG_INFO = YES;
				ONLY_ACTIVE_ARCH = YES;
				SDKROOT = iphoneos;
				SWIFT_OPTIMIZATION_LEVEL = "-Onone";
			};
			name = Debug;
		};
		9B093C6C1B44401A001DB31F /* Release */ = {
			isa = XCBuildConfiguration;
			buildSettings = {
				ALWAYS_SEARCH_USER_PATHS = NO;
				CLANG_CXX_LANGUAGE_STANDARD = "gnu++0x";
				CLANG_CXX_LIBRARY = "libc++";
				CLANG_ENABLE_MODULES = YES;
				CLANG_ENABLE_OBJC_ARC = YES;
				CLANG_WARN_BOOL_CONVERSION = YES;
				CLANG_WARN_CONSTANT_CONVERSION = YES;
				CLANG_WARN_DIRECT_OBJC_ISA_USAGE = YES_ERROR;
				CLANG_WARN_EMPTY_BODY = YES;
				CLANG_WARN_ENUM_CONVERSION = YES;
				CLANG_WARN_INT_CONVERSION = YES;
				CLANG_WARN_OBJC_ROOT_CLASS = YES_ERROR;
				CLANG_WARN_UNREACHABLE_CODE = YES;
				CLANG_WARN__DUPLICATE_METHOD_MATCH = YES;
				"CODE_SIGN_IDENTITY[sdk=iphoneos*]" = "iPhone Developer";
				COPY_PHASE_STRIP = NO;
				DEBUG_INFORMATION_FORMAT = "dwarf-with-dsym";
				ENABLE_NS_ASSERTIONS = NO;
				ENABLE_STRICT_OBJC_MSGSEND = YES;
				GCC_C_LANGUAGE_STANDARD = gnu99;
				GCC_NO_COMMON_BLOCKS = YES;
				GCC_WARN_64_TO_32_BIT_CONVERSION = YES;
				GCC_WARN_ABOUT_RETURN_TYPE = YES_ERROR;
				GCC_WARN_UNDECLARED_SELECTOR = YES;
				GCC_WARN_UNINITIALIZED_AUTOS = YES_AGGRESSIVE;
				GCC_WARN_UNUSED_FUNCTION = YES;
				GCC_WARN_UNUSED_VARIABLE = YES;
				IPHONEOS_DEPLOYMENT_TARGET = 8.3;
				MTL_ENABLE_DEBUG_INFO = NO;
				SDKROOT = iphoneos;
				VALIDATE_PRODUCT = YES;
			};
			name = Release;
		};
		9B093C6E1B44401A001DB31F /* Debug */ = {
			isa = XCBuildConfiguration;
			buildSettings = {
				ASSETCATALOG_COMPILER_APPICON_NAME = AppIcon;
				CLANG_ENABLE_MODULES = YES;
				FRAMEWORK_SEARCH_PATHS = (
					"$(inherited)",
					"$(PROJECT_DIR)/parse-library-1.7.4",
				);
				INFOPLIST_FILE = BearsApp3/Info.plist;
				LD_RUNPATH_SEARCH_PATHS = "$(inherited) @executable_path/Frameworks";
				PRODUCT_NAME = "$(TARGET_NAME)";
				SWIFT_OBJC_BRIDGING_HEADER = "BearsApp3-Bridging-Header.h";
				SWIFT_OPTIMIZATION_LEVEL = "-Onone";
			};
			name = Debug;
		};
		9B093C6F1B44401A001DB31F /* Release */ = {
			isa = XCBuildConfiguration;
			buildSettings = {
				ASSETCATALOG_COMPILER_APPICON_NAME = AppIcon;
				CLANG_ENABLE_MODULES = YES;
				FRAMEWORK_SEARCH_PATHS = (
					"$(inherited)",
					"$(PROJECT_DIR)/parse-library-1.7.4",
				);
				INFOPLIST_FILE = BearsApp3/Info.plist;
				LD_RUNPATH_SEARCH_PATHS = "$(inherited) @executable_path/Frameworks";
				PRODUCT_NAME = "$(TARGET_NAME)";
				SWIFT_OBJC_BRIDGING_HEADER = "BearsApp3-Bridging-Header.h";
			};
			name = Release;
		};
		9B093C711B44401A001DB31F /* Debug */ = {
			isa = XCBuildConfiguration;
			buildSettings = {
				BUNDLE_LOADER = "$(TEST_HOST)";
				FRAMEWORK_SEARCH_PATHS = (
					"$(SDKROOT)/Developer/Library/Frameworks",
					"$(inherited)",
				);
				GCC_PREPROCESSOR_DEFINITIONS = (
					"DEBUG=1",
					"$(inherited)",
				);
				INFOPLIST_FILE = BearsApp3Tests/Info.plist;
				LD_RUNPATH_SEARCH_PATHS = "$(inherited) @executable_path/Frameworks @loader_path/Frameworks";
				PRODUCT_NAME = "$(TARGET_NAME)";
				TEST_HOST = "$(BUILT_PRODUCTS_DIR)/BearsApp3.app/BearsApp3";
			};
			name = Debug;
		};
		9B093C721B44401A001DB31F /* Release */ = {
			isa = XCBuildConfiguration;
			buildSettings = {
				BUNDLE_LOADER = "$(TEST_HOST)";
				FRAMEWORK_SEARCH_PATHS = (
					"$(SDKROOT)/Developer/Library/Frameworks",
					"$(inherited)",
				);
				INFOPLIST_FILE = BearsApp3Tests/Info.plist;
				LD_RUNPATH_SEARCH_PATHS = "$(inherited) @executable_path/Frameworks @loader_path/Frameworks";
				PRODUCT_NAME = "$(TARGET_NAME)";
				TEST_HOST = "$(BUILT_PRODUCTS_DIR)/BearsApp3.app/BearsApp3";
			};
			name = Release;
		};
/* End XCBuildConfiguration section */

/* Begin XCConfigurationList section */
		9B093C491B44401A001DB31F /* Build configuration list for PBXProject "BearsApp3" */ = {
			isa = XCConfigurationList;
			buildConfigurations = (
				9B093C6B1B44401A001DB31F /* Debug */,
				9B093C6C1B44401A001DB31F /* Release */,
			);
			defaultConfigurationIsVisible = 0;
			defaultConfigurationName = Release;
		};
		9B093C6D1B44401A001DB31F /* Build configuration list for PBXNativeTarget "BearsApp3" */ = {
			isa = XCConfigurationList;
			buildConfigurations = (
				9B093C6E1B44401A001DB31F /* Debug */,
				9B093C6F1B44401A001DB31F /* Release */,
			);
			defaultConfigurationIsVisible = 0;
			defaultConfigurationName = Release;
		};
		9B093C701B44401A001DB31F /* Build configuration list for PBXNativeTarget "BearsApp3Tests" */ = {
			isa = XCConfigurationList;
			buildConfigurations = (
				9B093C711B44401A001DB31F /* Debug */,
				9B093C721B44401A001DB31F /* Release */,
			);
			defaultConfigurationIsVisible = 0;
			defaultConfigurationName = Release;
		};
/* End XCConfigurationList section */
	};
	rootObject = 9B093C461B44401A001DB31F /* Project object */;
}
